// !$*UTF8*$!
{
	archiveVersion = 1;
	classes = {
	};
	objectVersion = 56;
	objects = {

/* Begin PBXBuildFile section */
		A7E9DBF729B82DD5004367B4 /* CalisePlusApp.swift in Sources */ = {isa = PBXBuildFile; fileRef = A7E9DBF629B82DD5004367B4 /* CalisePlusApp.swift */; };
		A7E9DBF929B82DD5004367B4 /* ContentView.swift in Sources */ = {isa = PBXBuildFile; fileRef = A7E9DBF829B82DD5004367B4 /* ContentView.swift */; };
		A7E9DBFB29B82DD5004367B4 /* Assets.xcassets in Resources */ = {isa = PBXBuildFile; fileRef = A7E9DBFA29B82DD5004367B4 /* Assets.xcassets */; };
		A7E9DBFE29B82DD5004367B4 /* Preview Assets.xcassets in Resources */ = {isa = PBXBuildFile; fileRef = A7E9DBFD29B82DD5004367B4 /* Preview Assets.xcassets */; };
		A7E9DC0829B82DD5004367B4 /* CalisePlusTests.swift in Sources */ = {isa = PBXBuildFile; fileRef = A7E9DC0729B82DD5004367B4 /* CalisePlusTests.swift */; };
		A7E9DC1229B82DD5004367B4 /* CalisePlusUITests.swift in Sources */ = {isa = PBXBuildFile; fileRef = A7E9DC1129B82DD5004367B4 /* CalisePlusUITests.swift */; };
		A7E9DC1429B82DD5004367B4 /* CalisePlusUITestsLaunchTests.swift in Sources */ = {isa = PBXBuildFile; fileRef = A7E9DC1329B82DD5004367B4 /* CalisePlusUITestsLaunchTests.swift */; };
		A7E9DC2529B8307A004367B4 /* calcObjC.mm in Sources */ = {isa = PBXBuildFile; fileRef = A7E9DC2429B8307A004367B4 /* calcObjC.mm */; };
		A7E9DC2F29B856C6004367B4 /* calc.cpp in Sources */ = {isa = PBXBuildFile; fileRef = A7E9DC2E29B856C6004367B4 /* calc.cpp */; };
/* End PBXBuildFile section */

/* Begin PBXContainerItemProxy section */
		A7E9DC0429B82DD5004367B4 /* PBXContainerItemProxy */ = {
			isa = PBXContainerItemProxy;
			containerPortal = A7E9DBEB29B82DD5004367B4 /* Project object */;
			proxyType = 1;
			remoteGlobalIDString = A7E9DBF229B82DD5004367B4;
			remoteInfo = CalisePlus;
		};
		A7E9DC0E29B82DD5004367B4 /* PBXContainerItemProxy */ = {
			isa = PBXContainerItemProxy;
			containerPortal = A7E9DBEB29B82DD5004367B4 /* Project object */;
			proxyType = 1;
			remoteGlobalIDString = A7E9DBF229B82DD5004367B4;
			remoteInfo = CalisePlus;
		};
/* End PBXContainerItemProxy section */

/* Begin PBXFileReference section */
		A7E9DBF329B82DD5004367B4 /* CalisePlus.app */ = {isa = PBXFileReference; explicitFileType = wrapper.application; includeInIndex = 0; path = CalisePlus.app; sourceTree = BUILT_PRODUCTS_DIR; };
		A7E9DBF629B82DD5004367B4 /* CalisePlusApp.swift */ = {isa = PBXFileReference; lastKnownFileType = sourcecode.swift; path = CalisePlusApp.swift; sourceTree = "<group>"; };
		A7E9DBF829B82DD5004367B4 /* ContentView.swift */ = {isa = PBXFileReference; lastKnownFileType = sourcecode.swift; path = ContentView.swift; sourceTree = "<group>"; };
		A7E9DBFA29B82DD5004367B4 /* Assets.xcassets */ = {isa = PBXFileReference; lastKnownFileType = folder.assetcatalog; path = Assets.xcassets; sourceTree = "<group>"; };
		A7E9DBFD29B82DD5004367B4 /* Preview Assets.xcassets */ = {isa = PBXFileReference; lastKnownFileType = folder.assetcatalog; path = "Preview Assets.xcassets"; sourceTree = "<group>"; };
		A7E9DC0329B82DD5004367B4 /* CalisePlusTests.xctest */ = {isa = PBXFileReference; explicitFileType = wrapper.cfbundle; includeInIndex = 0; path = CalisePlusTests.xctest; sourceTree = BUILT_PRODUCTS_DIR; };
		A7E9DC0729B82DD5004367B4 /* CalisePlusTests.swift */ = {isa = PBXFileReference; lastKnownFileType = sourcecode.swift; path = CalisePlusTests.swift; sourceTree = "<group>"; };
		A7E9DC0D29B82DD5004367B4 /* CalisePlusUITests.xctest */ = {isa = PBXFileReference; explicitFileType = wrapper.cfbundle; includeInIndex = 0; path = CalisePlusUITests.xctest; sourceTree = BUILT_PRODUCTS_DIR; };
		A7E9DC1129B82DD5004367B4 /* CalisePlusUITests.swift */ = {isa = PBXFileReference; lastKnownFileType = sourcecode.swift; path = CalisePlusUITests.swift; sourceTree = "<group>"; };
		A7E9DC1329B82DD5004367B4 /* CalisePlusUITestsLaunchTests.swift */ = {isa = PBXFileReference; lastKnownFileType = sourcecode.swift; path = CalisePlusUITestsLaunchTests.swift; sourceTree = "<group>"; };
		A7E9DC2029B82F77004367B4 /* CalisePlus-Bridging-Header.h */ = {isa = PBXFileReference; lastKnownFileType = sourcecode.c.h; path = "CalisePlus-Bridging-Header.h"; sourceTree = "<group>"; };
		A7E9DC2429B8307A004367B4 /* calcObjC.mm */ = {isa = PBXFileReference; lastKnownFileType = sourcecode.cpp.objcpp; path = calcObjC.mm; sourceTree = "<group>"; };
		A7E9DC2629B830CE004367B4 /* calcObjC.h */ = {isa = PBXFileReference; lastKnownFileType = sourcecode.c.h; path = calcObjC.h; sourceTree = "<group>"; };
		A7E9DC2D29B856C6004367B4 /* calc.hpp */ = {isa = PBXFileReference; fileEncoding = 4; lastKnownFileType = sourcecode.cpp.h; path = calc.hpp; sourceTree = "<group>"; };
		A7E9DC2E29B856C6004367B4 /* calc.cpp */ = {isa = PBXFileReference; fileEncoding = 4; lastKnownFileType = sourcecode.cpp.cpp; path = calc.cpp; sourceTree = "<group>"; };
/* End PBXFileReference section */

/* Begin PBXFrameworksBuildPhase section */
		A7E9DBF029B82DD5004367B4 /* Frameworks */ = {
			isa = PBXFrameworksBuildPhase;
			buildActionMask = 2147483647;
			files = (
			);
			runOnlyForDeploymentPostprocessing = 0;
		};
		A7E9DC0029B82DD5004367B4 /* Frameworks */ = {
			isa = PBXFrameworksBuildPhase;
			buildActionMask = 2147483647;
			files = (
			);
			runOnlyForDeploymentPostprocessing = 0;
		};
		A7E9DC0A29B82DD5004367B4 /* Frameworks */ = {
			isa = PBXFrameworksBuildPhase;
			buildActionMask = 2147483647;
			files = (
			);
			runOnlyForDeploymentPostprocessing = 0;
		};
/* End PBXFrameworksBuildPhase section */

/* Begin PBXGroup section */
		A7E9DBEA29B82DD5004367B4 = {
			isa = PBXGroup;
			children = (
				A7E9DC2E29B856C6004367B4 /* calc.cpp */,
				A7E9DC2D29B856C6004367B4 /* calc.hpp */,
				A7E9DC2629B830CE004367B4 /* calcObjC.h */,
				A7E9DC2429B8307A004367B4 /* calcObjC.mm */,
				A7E9DBF529B82DD5004367B4 /* CalisePlus */,
				A7E9DC0629B82DD5004367B4 /* CalisePlusTests */,
				A7E9DC1029B82DD5004367B4 /* CalisePlusUITests */,
				A7E9DBF429B82DD5004367B4 /* Products */,
				A7E9DC2029B82F77004367B4 /* CalisePlus-Bridging-Header.h */,
			);
			sourceTree = "<group>";
		};
		A7E9DBF429B82DD5004367B4 /* Products */ = {
			isa = PBXGroup;
			children = (
				A7E9DBF329B82DD5004367B4 /* CalisePlus.app */,
				A7E9DC0329B82DD5004367B4 /* CalisePlusTests.xctest */,
				A7E9DC0D29B82DD5004367B4 /* CalisePlusUITests.xctest */,
			);
			name = Products;
			sourceTree = "<group>";
		};
		A7E9DBF529B82DD5004367B4 /* CalisePlus */ = {
			isa = PBXGroup;
			children = (
				A7E9DBF629B82DD5004367B4 /* CalisePlusApp.swift */,
				A7E9DBF829B82DD5004367B4 /* ContentView.swift */,
				A7E9DBFA29B82DD5004367B4 /* Assets.xcassets */,
				A7E9DBFC29B82DD5004367B4 /* Preview Content */,
			);
			path = CalisePlus;
			sourceTree = "<group>";
		};
		A7E9DBFC29B82DD5004367B4 /* Preview Content */ = {
			isa = PBXGroup;
			children = (
				A7E9DBFD29B82DD5004367B4 /* Preview Assets.xcassets */,
			);
			path = "Preview Content";
			sourceTree = "<group>";
		};
		A7E9DC0629B82DD5004367B4 /* CalisePlusTests */ = {
			isa = PBXGroup;
			children = (
				A7E9DC0729B82DD5004367B4 /* CalisePlusTests.swift */,
			);
			path = CalisePlusTests;
			sourceTree = "<group>";
		};
		A7E9DC1029B82DD5004367B4 /* CalisePlusUITests */ = {
			isa = PBXGroup;
			children = (
				A7E9DC1129B82DD5004367B4 /* CalisePlusUITests.swift */,
				A7E9DC1329B82DD5004367B4 /* CalisePlusUITestsLaunchTests.swift */,
			);
			path = CalisePlusUITests;
			sourceTree = "<group>";
		};
/* End PBXGroup section */

/* Begin PBXNativeTarget section */
		A7E9DBF229B82DD5004367B4 /* CalisePlus */ = {
			isa = PBXNativeTarget;
			buildConfigurationList = A7E9DC1729B82DD5004367B4 /* Build configuration list for PBXNativeTarget "CalisePlus" */;
			buildPhases = (
				A7E9DBEF29B82DD5004367B4 /* Sources */,
				A7E9DBF029B82DD5004367B4 /* Frameworks */,
				A7E9DBF129B82DD5004367B4 /* Resources */,
			);
			buildRules = (
			);
			dependencies = (
			);
			name = CalisePlus;
			productName = CalisePlus;
			productReference = A7E9DBF329B82DD5004367B4 /* CalisePlus.app */;
			productType = "com.apple.product-type.application";
		};
		A7E9DC0229B82DD5004367B4 /* CalisePlusTests */ = {
			isa = PBXNativeTarget;
			buildConfigurationList = A7E9DC1A29B82DD5004367B4 /* Build configuration list for PBXNativeTarget "CalisePlusTests" */;
			buildPhases = (
				A7E9DBFF29B82DD5004367B4 /* Sources */,
				A7E9DC0029B82DD5004367B4 /* Frameworks */,
				A7E9DC0129B82DD5004367B4 /* Resources */,
			);
			buildRules = (
			);
			dependencies = (
				A7E9DC0529B82DD5004367B4 /* PBXTargetDependency */,
			);
			name = CalisePlusTests;
			productName = CalisePlusTests;
			productReference = A7E9DC0329B82DD5004367B4 /* CalisePlusTests.xctest */;
			productType = "com.apple.product-type.bundle.unit-test";
		};
		A7E9DC0C29B82DD5004367B4 /* CalisePlusUITests */ = {
			isa = PBXNativeTarget;
			buildConfigurationList = A7E9DC1D29B82DD5004367B4 /* Build configuration list for PBXNativeTarget "CalisePlusUITests" */;
			buildPhases = (
				A7E9DC0929B82DD5004367B4 /* Sources */,
				A7E9DC0A29B82DD5004367B4 /* Frameworks */,
				A7E9DC0B29B82DD5004367B4 /* Resources */,
			);
			buildRules = (
			);
			dependencies = (
				A7E9DC0F29B82DD5004367B4 /* PBXTargetDependency */,
			);
			name = CalisePlusUITests;
			productName = CalisePlusUITests;
			productReference = A7E9DC0D29B82DD5004367B4 /* CalisePlusUITests.xctest */;
			productType = "com.apple.product-type.bundle.ui-testing";
		};
/* End PBXNativeTarget section */

/* Begin PBXProject section */
		A7E9DBEB29B82DD5004367B4 /* Project object */ = {
			isa = PBXProject;
			attributes = {
				BuildIndependentTargetsInParallel = 1;
				LastSwiftUpdateCheck = 1420;
				LastUpgradeCheck = 1420;
				TargetAttributes = {
					A7E9DBF229B82DD5004367B4 = {
						CreatedOnToolsVersion = 14.2;
						LastSwiftMigration = 1420;
					};
					A7E9DC0229B82DD5004367B4 = {
						CreatedOnToolsVersion = 14.2;
						TestTargetID = A7E9DBF229B82DD5004367B4;
					};
					A7E9DC0C29B82DD5004367B4 = {
						CreatedOnToolsVersion = 14.2;
						TestTargetID = A7E9DBF229B82DD5004367B4;
					};
				};
			};
			buildConfigurationList = A7E9DBEE29B82DD5004367B4 /* Build configuration list for PBXProject "CalisePlus" */;
			compatibilityVersion = "Xcode 14.0";
			developmentRegion = en;
			hasScannedForEncodings = 0;
			knownRegions = (
				en,
				Base,
			);
			mainGroup = A7E9DBEA29B82DD5004367B4;
			productRefGroup = A7E9DBF429B82DD5004367B4 /* Products */;
			projectDirPath = "";
			projectRoot = "";
			targets = (
				A7E9DBF229B82DD5004367B4 /* CalisePlus */,
				A7E9DC0229B82DD5004367B4 /* CalisePlusTests */,
				A7E9DC0C29B82DD5004367B4 /* CalisePlusUITests */,
			);
		};
/* End PBXProject section */

/* Begin PBXResourcesBuildPhase section */
		A7E9DBF129B82DD5004367B4 /* Resources */ = {
			isa = PBXResourcesBuildPhase;
			buildActionMask = 2147483647;
			files = (
				A7E9DBFE29B82DD5004367B4 /* Preview Assets.xcassets in Resources */,
				A7E9DBFB29B82DD5004367B4 /* Assets.xcassets in Resources */,
			);
			runOnlyForDeploymentPostprocessing = 0;
		};
		A7E9DC0129B82DD5004367B4 /* Resources */ = {
			isa = PBXResourcesBuildPhase;
			buildActionMask = 2147483647;
			files = (
			);
			runOnlyForDeploymentPostprocessing = 0;
		};
		A7E9DC0B29B82DD5004367B4 /* Resources */ = {
			isa = PBXResourcesBuildPhase;
			buildActionMask = 2147483647;
			files = (
			);
			runOnlyForDeploymentPostprocessing = 0;
		};
/* End PBXResourcesBuildPhase section */

/* Begin PBXSourcesBuildPhase section */
		A7E9DBEF29B82DD5004367B4 /* Sources */ = {
			isa = PBXSourcesBuildPhase;
			buildActionMask = 2147483647;
			files = (
				A7E9DC2F29B856C6004367B4 /* calc.cpp in Sources */,
				A7E9DBF929B82DD5004367B4 /* ContentView.swift in Sources */,
				A7E9DBF729B82DD5004367B4 /* CalisePlusApp.swift in Sources */,
				A7E9DC2529B8307A004367B4 /* calcObjC.mm in Sources */,
			);
			runOnlyForDeploymentPostprocessing = 0;
		};
		A7E9DBFF29B82DD5004367B4 /* Sources */ = {
			isa = PBXSourcesBuildPhase;
			buildActionMask = 2147483647;
			files = (
				A7E9DC0829B82DD5004367B4 /* CalisePlusTests.swift in Sources */,
			);
			runOnlyForDeploymentPostprocessing = 0;
		};
		A7E9DC0929B82DD5004367B4 /* Sources */ = {
			isa = PBXSourcesBuildPhase;
			buildActionMask = 2147483647;
			files = (
				A7E9DC1229B82DD5004367B4 /* CalisePlusUITests.swift in Sources */,
				A7E9DC1429B82DD5004367B4 /* CalisePlusUITestsLaunchTests.swift in Sources */,
			);
			runOnlyForDeploymentPostprocessing = 0;
		};
/* End PBXSourcesBuildPhase section */

/* Begin PBXTargetDependency section */
		A7E9DC0529B82DD5004367B4 /* PBXTargetDependency */ = {
			isa = PBXTargetDependency;
			target = A7E9DBF229B82DD5004367B4 /* CalisePlus */;
			targetProxy = A7E9DC0429B82DD5004367B4 /* PBXContainerItemProxy */;
		};
		A7E9DC0F29B82DD5004367B4 /* PBXTargetDependency */ = {
			isa = PBXTargetDependency;
			target = A7E9DBF229B82DD5004367B4 /* CalisePlus */;
			targetProxy = A7E9DC0E29B82DD5004367B4 /* PBXContainerItemProxy */;
		};
/* End PBXTargetDependency section */

/* Begin XCBuildConfiguration section */
		A7E9DC1529B82DD5004367B4 /* Debug */ = {
			isa = XCBuildConfiguration;
			buildSettings = {
				ALWAYS_SEARCH_USER_PATHS = NO;
				CLANG_ANALYZER_NONNULL = YES;
				CLANG_ANALYZER_NUMBER_OBJECT_CONVERSION = YES_AGGRESSIVE;
				CLANG_CXX_LANGUAGE_STANDARD = "gnu++20";
				CLANG_ENABLE_MODULES = YES;
				CLANG_ENABLE_OBJC_ARC = YES;
				CLANG_ENABLE_OBJC_WEAK = YES;
				CLANG_WARN_BLOCK_CAPTURE_AUTORELEASING = YES;
				CLANG_WARN_BOOL_CONVERSION = YES;
				CLANG_WARN_COMMA = YES;
				CLANG_WARN_CONSTANT_CONVERSION = YES;
				CLANG_WARN_DEPRECATED_OBJC_IMPLEMENTATIONS = YES;
				CLANG_WARN_DIRECT_OBJC_ISA_USAGE = YES_ERROR;
				CLANG_WARN_DOCUMENTATION_COMMENTS = YES;
				CLANG_WARN_EMPTY_BODY = YES;
				CLANG_WARN_ENUM_CONVERSION = YES;
				CLANG_WARN_INFINITE_RECURSION = YES;
				CLANG_WARN_INT_CONVERSION = YES;
				CLANG_WARN_NON_LITERAL_NULL_CONVERSION = YES;
				CLANG_WARN_OBJC_IMPLICIT_RETAIN_SELF = YES;
				CLANG_WARN_OBJC_LITERAL_CONVERSION = YES;
				CLANG_WARN_OBJC_ROOT_CLASS = YES_ERROR;
				CLANG_WARN_QUOTED_INCLUDE_IN_FRAMEWORK_HEADER = YES;
				CLANG_WARN_RANGE_LOOP_ANALYSIS = YES;
				CLANG_WARN_STRICT_PROTOTYPES = YES;
				CLANG_WARN_SUSPICIOUS_MOVE = YES;
				CLANG_WARN_UNGUARDED_AVAILABILITY = YES_AGGRESSIVE;
				CLANG_WARN_UNREACHABLE_CODE = YES;
				CLANG_WARN__DUPLICATE_METHOD_MATCH = YES;
				COPY_PHASE_STRIP = NO;
				DEBUG_INFORMATION_FORMAT = dwarf;
				ENABLE_STRICT_OBJC_MSGSEND = YES;
				ENABLE_TESTABILITY = YES;
				GCC_C_LANGUAGE_STANDARD = gnu11;
				GCC_DYNAMIC_NO_PIC = NO;
				GCC_NO_COMMON_BLOCKS = YES;
				GCC_OPTIMIZATION_LEVEL = 0;
				GCC_PREPROCESSOR_DEFINITIONS = (
					"DEBUG=1",
					"$(inherited)",
				);
				GCC_WARN_64_TO_32_BIT_CONVERSION = YES;
				GCC_WARN_ABOUT_RETURN_TYPE = YES_ERROR;
				GCC_WARN_UNDECLARED_SELECTOR = YES;
				GCC_WARN_UNINITIALIZED_AUTOS = YES_AGGRESSIVE;
				GCC_WARN_UNUSED_FUNCTION = YES;
				GCC_WARN_UNUSED_VARIABLE = YES;
				IPHONEOS_DEPLOYMENT_TARGET = 16.2;
				MTL_ENABLE_DEBUG_INFO = INCLUDE_SOURCE;
				MTL_FAST_MATH = YES;
				ONLY_ACTIVE_ARCH = YES;
				SDKROOT = iphoneos;
				SWIFT_ACTIVE_COMPILATION_CONDITIONS = DEBUG;
				SWIFT_OPTIMIZATION_LEVEL = "-Onone";
			};
			name = Debug;
		};
		A7E9DC1629B82DD5004367B4 /* Release */ = {
			isa = XCBuildConfiguration;
			buildSettings = {
				ALWAYS_SEARCH_USER_PATHS = NO;
				CLANG_ANALYZER_NONNULL = YES;
				CLANG_ANALYZER_NUMBER_OBJECT_CONVERSION = YES_AGGRESSIVE;
				CLANG_CXX_LANGUAGE_STANDARD = "gnu++20";
				CLANG_ENABLE_MODULES = YES;
				CLANG_ENABLE_OBJC_ARC = YES;
				CLANG_ENABLE_OBJC_WEAK = YES;
				CLANG_WARN_BLOCK_CAPTURE_AUTORELEASING = YES;
				CLANG_WARN_BOOL_CONVERSION = YES;
				CLANG_WARN_COMMA = YES;
				CLANG_WARN_CONSTANT_CONVERSION = YES;
				CLANG_WARN_DEPRECATED_OBJC_IMPLEMENTATIONS = YES;
				CLANG_WARN_DIRECT_OBJC_ISA_USAGE = YES_ERROR;
				CLANG_WARN_DOCUMENTATION_COMMENTS = YES;
				CLANG_WARN_EMPTY_BODY = YES;
				CLANG_WARN_ENUM_CONVERSION = YES;
				CLANG_WARN_INFINITE_RECURSION = YES;
				CLANG_WARN_INT_CONVERSION = YES;
				CLANG_WARN_NON_LITERAL_NULL_CONVERSION = YES;
				CLANG_WARN_OBJC_IMPLICIT_RETAIN_SELF = YES;
				CLANG_WARN_OBJC_LITERAL_CONVERSION = YES;
				CLANG_WARN_OBJC_ROOT_CLASS = YES_ERROR;
				CLANG_WARN_QUOTED_INCLUDE_IN_FRAMEWORK_HEADER = YES;
				CLANG_WARN_RANGE_LOOP_ANALYSIS = YES;
				CLANG_WARN_STRICT_PROTOTYPES = YES;
				CLANG_WARN_SUSPICIOUS_MOVE = YES;
				CLANG_WARN_UNGUARDED_AVAILABILITY = YES_AGGRESSIVE;
				CLANG_WARN_UNREACHABLE_CODE = YES;
				CLANG_WARN__DUPLICATE_METHOD_MATCH = YES;
				COPY_PHASE_STRIP = NO;
				DEBUG_INFORMATION_FORMAT = "dwarf-with-dsym";
				ENABLE_NS_ASSERTIONS = NO;
				ENABLE_STRICT_OBJC_MSGSEND = YES;
				GCC_C_LANGUAGE_STANDARD = gnu11;
				GCC_NO_COMMON_BLOCKS = YES;
				GCC_WARN_64_TO_32_BIT_CONVERSION = YES;
				GCC_WARN_ABOUT_RETURN_TYPE = YES_ERROR;
				GCC_WARN_UNDECLARED_SELECTOR = YES;
				GCC_WARN_UNINITIALIZED_AUTOS = YES_AGGRESSIVE;
				GCC_WARN_UNUSED_FUNCTION = YES;
				GCC_WARN_UNUSED_VARIABLE = YES;
				IPHONEOS_DEPLOYMENT_TARGET = 16.2;
				MTL_ENABLE_DEBUG_INFO = NO;
				MTL_FAST_MATH = YES;
				SDKROOT = iphoneos;
				SWIFT_COMPILATION_MODE = wholemodule;
				SWIFT_OPTIMIZATION_LEVEL = "-O";
				VALIDATE_PRODUCT = YES;
			};
			name = Release;
		};
		A7E9DC1829B82DD5004367B4 /* Debug */ = {
			isa = XCBuildConfiguration;
			buildSettings = {
				ASSETCATALOG_COMPILER_APPICON_NAME = AppIcon;
				ASSETCATALOG_COMPILER_GLOBAL_ACCENT_COLOR_NAME = AccentColor;
				CLANG_ENABLE_MODULES = YES;
				CODE_SIGN_STYLE = Automatic;
				CURRENT_PROJECT_VERSION = 1;
				DEVELOPMENT_ASSET_PATHS = "\"CalisePlus/Preview Content\"";
				ENABLE_PREVIEWS = YES;
				GENERATE_INFOPLIST_FILE = YES;
				INFOPLIST_KEY_UIApplicationSceneManifest_Generation = YES;
				INFOPLIST_KEY_UIApplicationSupportsIndirectInputEvents = YES;
				INFOPLIST_KEY_UILaunchScreen_Generation = YES;
				INFOPLIST_KEY_UISupportedInterfaceOrientations_iPad = "UIInterfaceOrientationPortrait UIInterfaceOrientationPortraitUpsideDown UIInterfaceOrientationLandscapeLeft UIInterfaceOrientationLandscapeRight";
				INFOPLIST_KEY_UISupportedInterfaceOrientations_iPhone = "UIInterfaceOrientationPortrait UIInterfaceOrientationLandscapeLeft UIInterfaceOrientationLandscapeRight";
				LD_RUNPATH_SEARCH_PATHS = (
					"$(inherited)",
					"@executable_path/Frameworks",
				);
				MARKETING_VERSION = 1.0;
				PRODUCT_BUNDLE_IDENTIFIER = Itoria.CalisePlus;
				PRODUCT_NAME = "$(TARGET_NAME)";
				SWIFT_EMIT_LOC_STRINGS = YES;
				SWIFT_OBJC_BRIDGING_HEADER = "CalisePlus-Bridging-Header.h";
				SWIFT_OPTIMIZATION_LEVEL = "-Onone";
				SWIFT_VERSION = 5.0;
				TARGETED_DEVICE_FAMILY = "1,2";
			};
			name = Debug;
		};
		A7E9DC1929B82DD5004367B4 /* Release */ = {
			isa = XCBuildConfiguration;
			buildSettings = {
				ASSETCATALOG_COMPILER_APPICON_NAME = AppIcon;
				ASSETCATALOG_COMPILER_GLOBAL_ACCENT_COLOR_NAME = AccentColor;
				CLANG_ENABLE_MODULES = YES;
				CODE_SIGN_STYLE = Automatic;
				CURRENT_PROJECT_VERSION = 1;
				DEVELOPMENT_ASSET_PATHS = "\"CalisePlus/Preview Content\"";
				ENABLE_PREVIEWS = YES;
				GENERATE_INFOPLIST_FILE = YES;
				INFOPLIST_KEY_UIApplicationSceneManifest_Generation = YES;
				INFOPLIST_KEY_UIApplicationSupportsIndirectInputEvents = YES;
				INFOPLIST_KEY_UILaunchScreen_Generation = YES;
				INFOPLIST_KEY_UISupportedInterfaceOrientations_iPad = "UIInterfaceOrientationPortrait UIInterfaceOrientationPortraitUpsideDown UIInterfaceOrientationLandscapeLeft UIInterfaceOrientationLandscapeRight";
				INFOPLIST_KEY_UISupportedInterfaceOrientations_iPhone = "UIInterfaceOrientationPortrait UIInterfaceOrientationLandscapeLeft UIInterfaceOrientationLandscapeRight";
				LD_RUNPATH_SEARCH_PATHS = (
					"$(inherited)",
					"@executable_path/Frameworks",
				);
				MARKETING_VERSION = 1.0;
				PRODUCT_BUNDLE_IDENTIFIER = Itoria.CalisePlus;
				PRODUCT_NAME = "$(TARGET_NAME)";
				SWIFT_EMIT_LOC_STRINGS = YES;
				SWIFT_OBJC_BRIDGING_HEADER = "CalisePlus-Bridging-Header.h";
				SWIFT_VERSION = 5.0;
				TARGETED_DEVICE_FAMILY = "1,2";
			};
			name = Release;
		};
		A7E9DC1B29B82DD5004367B4 /* Debug */ = {
			isa = XCBuildConfiguration;
			buildSettings = {
				ALWAYS_EMBED_SWIFT_STANDARD_LIBRARIES = YES;
				BUNDLE_LOADER = "$(TEST_HOST)";
				CODE_SIGN_STYLE = Automatic;
				CURRENT_PROJECT_VERSION = 1;
				GENERATE_INFOPLIST_FILE = YES;
				IPHONEOS_DEPLOYMENT_TARGET = 16.2;
				MARKETING_VERSION = 1.0;
				PRODUCT_BUNDLE_IDENTIFIER = Itoria.CalisePlusTests;
				PRODUCT_NAME = "$(TARGET_NAME)";
				SWIFT_EMIT_LOC_STRINGS = NO;
				SWIFT_VERSION = 5.0;
				TARGETED_DEVICE_FAMILY = "1,2";
				TEST_HOST = "$(BUILT_PRODUCTS_DIR)/CalisePlus.app/$(BUNDLE_EXECUTABLE_FOLDER_PATH)/CalisePlus";
			};
			name = Debug;
		};
		A7E9DC1C29B82DD5004367B4 /* Release */ = {
			isa = XCBuildConfiguration;
			buildSettings = {
				ALWAYS_EMBED_SWIFT_STANDARD_LIBRARIES = YES;
				BUNDLE_LOADER = "$(TEST_HOST)";
				CODE_SIGN_STYLE = Automatic;
				CURRENT_PROJECT_VERSION = 1;
				GENERATE_INFOPLIST_FILE = YES;
				IPHONEOS_DEPLOYMENT_TARGET = 16.2;
				MARKETING_VERSION = 1.0;
				PRODUCT_BUNDLE_IDENTIFIER = Itoria.CalisePlusTests;
				PRODUCT_NAME = "$(TARGET_NAME)";
				SWIFT_EMIT_LOC_STRINGS = NO;
				SWIFT_VERSION = 5.0;
				TARGETED_DEVICE_FAMILY = "1,2";
				TEST_HOST = "$(BUILT_PRODUCTS_DIR)/CalisePlus.app/$(BUNDLE_EXECUTABLE_FOLDER_PATH)/CalisePlus";
			};
			name = Release;
		};
		A7E9DC1E29B82DD5004367B4 /* Debug */ = {
			isa = XCBuildConfiguration;
			buildSettings = {
				ALWAYS_EMBED_SWIFT_STANDARD_LIBRARIES = YES;
				CODE_SIGN_STYLE = Automatic;
				CURRENT_PROJECT_VERSION = 1;
				GENERATE_INFOPLIST_FILE = YES;
				MARKETING_VERSION = 1.0;
				PRODUCT_BUNDLE_IDENTIFIER = Itoria.CalisePlusUITests;
				PRODUCT_NAME = "$(TARGET_NAME)";
				SWIFT_EMIT_LOC_STRINGS = NO;
				SWIFT_VERSION = 5.0;
				TARGETED_DEVICE_FAMILY = "1,2";
				TEST_TARGET_NAME = CalisePlus;
			};
			name = Debug;
		};
		A7E9DC1F29B82DD5004367B4 /* Release */ = {
			isa = XCBuildConfiguration;
			buildSettings = {
				ALWAYS_EMBED_SWIFT_STANDARD_LIBRARIES = YES;
				CODE_SIGN_STYLE = Automatic;
				CURRENT_PROJECT_VERSION = 1;
				GENERATE_INFOPLIST_FILE = YES;
				MARKETING_VERSION = 1.0;
				PRODUCT_BUNDLE_IDENTIFIER = Itoria.CalisePlusUITests;
				PRODUCT_NAME = "$(TARGET_NAME)";
				SWIFT_EMIT_LOC_STRINGS = NO;
				SWIFT_VERSION = 5.0;
				TARGETED_DEVICE_FAMILY = "1,2";
				TEST_TARGET_NAME = CalisePlus;
			};
			name = Release;
		};
/* End XCBuildConfiguration section */

/* Begin XCConfigurationList section */
		A7E9DBEE29B82DD5004367B4 /* Build configuration list for PBXProject "CalisePlus" */ = {
			isa = XCConfigurationList;
			buildConfigurations = (
				A7E9DC1529B82DD5004367B4 /* Debug */,
				A7E9DC1629B82DD5004367B4 /* Release */,
			);
			defaultConfigurationIsVisible = 0;
			defaultConfigurationName = Release;
		};
		A7E9DC1729B82DD5004367B4 /* Build configuration list for PBXNativeTarget "CalisePlus" */ = {
			isa = XCConfigurationList;
			buildConfigurations = (
				A7E9DC1829B82DD5004367B4 /* Debug */,
				A7E9DC1929B82DD5004367B4 /* Release */,
			);
			defaultConfigurationIsVisible = 0;
			defaultConfigurationName = Release;
		};
		A7E9DC1A29B82DD5004367B4 /* Build configuration list for PBXNativeTarget "CalisePlusTests" */ = {
			isa = XCConfigurationList;
			buildConfigurations = (
				A7E9DC1B29B82DD5004367B4 /* Debug */,
				A7E9DC1C29B82DD5004367B4 /* Release */,
			);
			defaultConfigurationIsVisible = 0;
			defaultConfigurationName = Release;
		};
		A7E9DC1D29B82DD5004367B4 /* Build configuration list for PBXNativeTarget "CalisePlusUITests" */ = {
			isa = XCConfigurationList;
			buildConfigurations = (
				A7E9DC1E29B82DD5004367B4 /* Debug */,
				A7E9DC1F29B82DD5004367B4 /* Release */,
			);
			defaultConfigurationIsVisible = 0;
			defaultConfigurationName = Release;
		};
/* End XCConfigurationList section */
	};
	rootObject = A7E9DBEB29B82DD5004367B4 /* Project object */;
}
